
Microsoft Visual Studio Solution File, Format Version 12.00
# Visual Studio Version 16
VisualStudioVersion = 16.0.30114.105
MinimumVisualStudioVersion = 10.0.40219.1
Project("{FAE04EC0-301F-11D3-BF4B-00C04F79EFBC}") = "arrayAndlists", "arrayAndlists\arrayAndlists.csproj", "{23815E5A-77A7-495B-9453-68F1D0C9AD04}"
EndProject
Global
	GlobalSection(SolutionConfigurationPlatforms) = preSolution
		Debug|Any CPU = Debug|Any CPU
		Release|Any CPU = Release|Any CPU
	EndGlobalSection
	GlobalSection(ProjectConfigurationPlatforms) = postSolution
		{23815E5A-77A7-495B-9453-68F1D0C9AD04}.Debug|Any CPU.ActiveCfg = Debug|Any CPU
		{23815E5A-77A7-495B-9453-68F1D0C9AD04}.Debug|Any CPU.Build.0 = Debug|Any CPU
		{23815E5A-77A7-495B-9453-68F1D0C9AD04}.Release|Any CPU.ActiveCfg = Release|Any CPU
		{23815E5A-77A7-495B-9453-68F1D0C9AD04}.Release|Any CPU.Build.0 = Release|Any CPU
	EndGlobalSection
	GlobalSection(SolutionProperties) = preSolution
		HideSolutionNode = FALSE
	EndGlobalSection
	GlobalSection(ExtensibilityGlobals) = postSolution
		SolutionGuid = {47EA84CE-9870-4C53-A78A-1B02FF3C5992}
	EndGlobalSection
EndGlobal
