
Microsoft Visual Studio Solution File, Format Version 12.00
# Visual Studio Version 16
VisualStudioVersion = 16.0.30204.135
MinimumVisualStudioVersion = 10.0.40219.1
Project("{FAE04EC0-301F-11D3-BF4B-00C04F79EFBC}") = "methodApp222", "methodApp222\methodApp222.csproj", "{743956A6-25B6-4037-B222-B99827AD51D2}"
EndProject
Global
	GlobalSection(SolutionConfigurationPlatforms) = preSolution
		Debug|Any CPU = Debug|Any CPU
		Release|Any CPU = Release|Any CPU
	EndGlobalSection
	GlobalSection(ProjectConfigurationPlatforms) = postSolution
		{743956A6-25B6-4037-B222-B99827AD51D2}.Debug|Any CPU.ActiveCfg = Debug|Any CPU
		{743956A6-25B6-4037-B222-B99827AD51D2}.Debug|Any CPU.Build.0 = Debug|Any CPU
		{743956A6-25B6-4037-B222-B99827AD51D2}.Release|Any CPU.ActiveCfg = Release|Any CPU
		{743956A6-25B6-4037-B222-B99827AD51D2}.Release|Any CPU.Build.0 = Release|Any CPU
	EndGlobalSection
	GlobalSection(SolutionProperties) = preSolution
		HideSolutionNode = FALSE
	EndGlobalSection
	GlobalSection(ExtensibilityGlobals) = postSolution
		SolutionGuid = {EB7A6544-F5F5-4379-8E58-F2592513926D}
	EndGlobalSection
EndGlobal
