
Microsoft Visual Studio Solution File, Format Version 12.00
# Visual Studio Version 16
VisualStudioVersion = 16.0.30204.135
MinimumVisualStudioVersion = 10.0.40219.1
Project("{FAE04EC0-301F-11D3-BF4B-00C04F79EFBC}") = "MvcTutorial", "MvcTutorial\MvcTutorial.csproj", "{CBAD920A-12B3-4DC2-90CA-FFCD7B364107}"
EndProject
Global
	GlobalSection(SolutionConfigurationPlatforms) = preSolution
		Debug|Any CPU = Debug|Any CPU
		Release|Any CPU = Release|Any CPU
	EndGlobalSection
	GlobalSection(ProjectConfigurationPlatforms) = postSolution
		{CBAD920A-12B3-4DC2-90CA-FFCD7B364107}.Debug|Any CPU.ActiveCfg = Debug|Any CPU
		{CBAD920A-12B3-4DC2-90CA-FFCD7B364107}.Debug|Any CPU.Build.0 = Debug|Any CPU
		{CBAD920A-12B3-4DC2-90CA-FFCD7B364107}.Release|Any CPU.ActiveCfg = Release|Any CPU
		{CBAD920A-12B3-4DC2-90CA-FFCD7B364107}.Release|Any CPU.Build.0 = Release|Any CPU
	EndGlobalSection
	GlobalSection(SolutionProperties) = preSolution
		HideSolutionNode = FALSE
	EndGlobalSection
	GlobalSection(ExtensibilityGlobals) = postSolution
		SolutionGuid = {94F3C1B8-B84A-4D4C-ACE6-6A30C31ECC02}
	EndGlobalSection
EndGlobal
