
Microsoft Visual Studio Solution File, Format Version 12.00
# Visual Studio Version 16
VisualStudioVersion = 16.0.30204.135
MinimumVisualStudioVersion = 10.0.40219.1
Project("{FAE04EC0-301F-11D3-BF4B-00C04F79EFBC}") = "methodApp230", "methodApp230\methodApp230.csproj", "{1B95C774-5ED9-4DA8-8144-A92083CA5841}"
EndProject
Global
	GlobalSection(SolutionConfigurationPlatforms) = preSolution
		Debug|Any CPU = Debug|Any CPU
		Release|Any CPU = Release|Any CPU
	EndGlobalSection
	GlobalSection(ProjectConfigurationPlatforms) = postSolution
		{1B95C774-5ED9-4DA8-8144-A92083CA5841}.Debug|Any CPU.ActiveCfg = Debug|Any CPU
		{1B95C774-5ED9-4DA8-8144-A92083CA5841}.Debug|Any CPU.Build.0 = Debug|Any CPU
		{1B95C774-5ED9-4DA8-8144-A92083CA5841}.Release|Any CPU.ActiveCfg = Release|Any CPU
		{1B95C774-5ED9-4DA8-8144-A92083CA5841}.Release|Any CPU.Build.0 = Release|Any CPU
	EndGlobalSection
	GlobalSection(SolutionProperties) = preSolution
		HideSolutionNode = FALSE
	EndGlobalSection
	GlobalSection(ExtensibilityGlobals) = postSolution
		SolutionGuid = {D0520D77-CBD9-4BF1-BC45-977A89D47C88}
	EndGlobalSection
EndGlobal
