
Microsoft Visual Studio Solution File, Format Version 12.00
# Visual Studio Version 16
VisualStudioVersion = 16.0.30114.105
MinimumVisualStudioVersion = 10.0.40219.1
Project("{FAE04EC0-301F-11D3-BF4B-00C04F79EFBC}") = "Branching", "Branching\Branching.csproj", "{653F89EB-47CE-40C9-954C-842E43D44F87}"
EndProject
Global
	GlobalSection(SolutionConfigurationPlatforms) = preSolution
		Debug|Any CPU = Debug|Any CPU
		Release|Any CPU = Release|Any CPU
	EndGlobalSection
	GlobalSection(ProjectConfigurationPlatforms) = postSolution
		{653F89EB-47CE-40C9-954C-842E43D44F87}.Debug|Any CPU.ActiveCfg = Debug|Any CPU
		{653F89EB-47CE-40C9-954C-842E43D44F87}.Debug|Any CPU.Build.0 = Debug|Any CPU
		{653F89EB-47CE-40C9-954C-842E43D44F87}.Release|Any CPU.ActiveCfg = Release|Any CPU
		{653F89EB-47CE-40C9-954C-842E43D44F87}.Release|Any CPU.Build.0 = Release|Any CPU
	EndGlobalSection
	GlobalSection(SolutionProperties) = preSolution
		HideSolutionNode = FALSE
	EndGlobalSection
	GlobalSection(ExtensibilityGlobals) = postSolution
		SolutionGuid = {1EC3D1E0-A0C3-4762-BF83-5AD21323B59D}
	EndGlobalSection
EndGlobal
